
Microsoft Visual Studio Solution File, Format Version 12.00
# Visual Studio Version 16
VisualStudioVersion = 16.0.29001.49
MinimumVisualStudioVersion = 10.0.40219.1
Project("{2150E333-8FDC-42A3-9474-1A3956D46DE8}") = "modules", "modules", "{66ADFF4C-893E-4F45-BA81-A07108C346ED}"
EndProject
Project("{2150E333-8FDC-42A3-9474-1A3956D46DE8}") = "SharpGLTF", "SharpGLTF", "{0641781A-7AFD-4BD9-91CE-533CFBCBADE5}"
EndProject
Project("{9A19103F-16F7-4668-BE54-9A1E7A4F7556}") = "SharpGLTF.Core", "modules\SharpGLTF\src\SharpGLTF.Core\SharpGLTF.Core.csproj", "{AB09F55A-4826-4E6A-B9FF-6D88CCF60964}"
EndProject
Project("{9A19103F-16F7-4668-BE54-9A1E7A4F7556}") = "SharpGLTF.Toolkit", "modules\SharpGLTF\src\SharpGLTF.Toolkit\SharpGLTF.Toolkit.csproj", "{145A50A1-4AD6-440A-8463-ECFAF982EBA3}"
EndProject
Project("{9A19103F-16F7-4668-BE54-9A1E7A4F7556}") = "SharpGLTF.Tests", "modules\SharpGLTF\tests\SharpGLTF.Tests\SharpGLTF.Tests.csproj", "{C7A9FD80-B394-447C-96CE-CE4636BA7580}"
EndProject
Project("{9A19103F-16F7-4668-BE54-9A1E7A4F7556}") = "Example1", "modules\SharpGLTF\examples\Example1\Example1.csproj", "{7233150B-1100-42E1-8E94-B5997AB6363B}"
EndProject
Project("{FAE04EC0-301F-11D3-BF4B-00C04F79EFBC}") = "VeldridGlTF.Viewer.Android", "VeldridGlTF.Viewer.Android\VeldridGlTF.Viewer.Android.csproj", "{D2DF9533-7F6B-4344-B45A-656D1028DAFF}"
EndProject
Project("{9A19103F-16F7-4668-BE54-9A1E7A4F7556}") = "VeldridGlTF.Viewer.Desktop", "VeldridGlTF.Viewer.Desktop\VeldridGlTF.Viewer.Desktop.csproj", "{C32FC054-B832-4674-BFD6-CC213ABC94BC}"
EndProject
Project("{9A19103F-16F7-4668-BE54-9A1E7A4F7556}") = "VeldridGlTF.Viewer", "VeldridGlTF.Viewer\VeldridGlTF.Viewer.csproj", "{501923A4-599A-4F42-B4CB-E03710A41ECB}"
EndProject
Project("{9A19103F-16F7-4668-BE54-9A1E7A4F7556}") = "Leopotam.Ecs", "modules\ecs\Leopotam.Ecs.csproj", "{24BFE94F-A366-4741-BA14-7DC50C849025}"
EndProject
Project("{9A19103F-16F7-4668-BE54-9A1E7A4F7556}") = "VeldridGlTF.Viewer.UnitTests", "VeldridGlTF.Viewer.UnitTests\VeldridGlTF.Viewer.UnitTests.csproj", "{7D8A1091-BCA8-4F30-A9A3-E3709BE40375}"
EndProject
Global
	GlobalSection(SolutionConfigurationPlatforms) = preSolution
		Debug|Any CPU = Debug|Any CPU
		Debug|iPhone = Debug|iPhone
		Debug|iPhoneSimulator = Debug|iPhoneSimulator
		Release|Any CPU = Release|Any CPU
		Release|iPhone = Release|iPhone
		Release|iPhoneSimulator = Release|iPhoneSimulator
	EndGlobalSection
	GlobalSection(ProjectConfigurationPlatforms) = postSolution
		{AB09F55A-4826-4E6A-B9FF-6D88CCF60964}.Debug|Any CPU.ActiveCfg = Debug|Any CPU
		{AB09F55A-4826-4E6A-B9FF-6D88CCF60964}.Debug|Any CPU.Build.0 = Debug|Any CPU
		{AB09F55A-4826-4E6A-B9FF-6D88CCF60964}.Debug|iPhone.ActiveCfg = Debug|Any CPU
		{AB09F55A-4826-4E6A-B9FF-6D88CCF60964}.Debug|iPhone.Build.0 = Debug|Any CPU
		{AB09F55A-4826-4E6A-B9FF-6D88CCF60964}.Debug|iPhoneSimulator.ActiveCfg = Debug|Any CPU
		{AB09F55A-4826-4E6A-B9FF-6D88CCF60964}.Debug|iPhoneSimulator.Build.0 = Debug|Any CPU
		{AB09F55A-4826-4E6A-B9FF-6D88CCF60964}.Release|Any CPU.ActiveCfg = Release|Any CPU
		{AB09F55A-4826-4E6A-B9FF-6D88CCF60964}.Release|Any CPU.Build.0 = Release|Any CPU
		{AB09F55A-4826-4E6A-B9FF-6D88CCF60964}.Release|iPhone.ActiveCfg = Release|Any CPU
		{AB09F55A-4826-4E6A-B9FF-6D88CCF60964}.Release|iPhone.Build.0 = Release|Any CPU
		{AB09F55A-4826-4E6A-B9FF-6D88CCF60964}.Release|iPhoneSimulator.ActiveCfg = Release|Any CPU
		{AB09F55A-4826-4E6A-B9FF-6D88CCF60964}.Release|iPhoneSimulator.Build.0 = Release|Any CPU
		{145A50A1-4AD6-440A-8463-ECFAF982EBA3}.Debug|Any CPU.ActiveCfg = Debug|Any CPU
		{145A50A1-4AD6-440A-8463-ECFAF982EBA3}.Debug|Any CPU.Build.0 = Debug|Any CPU
		{145A50A1-4AD6-440A-8463-ECFAF982EBA3}.Debug|iPhone.ActiveCfg = Debug|Any CPU
		{145A50A1-4AD6-440A-8463-ECFAF982EBA3}.Debug|iPhone.Build.0 = Debug|Any CPU
		{145A50A1-4AD6-440A-8463-ECFAF982EBA3}.Debug|iPhoneSimulator.ActiveCfg = Debug|Any CPU
		{145A50A1-4AD6-440A-8463-ECFAF982EBA3}.Debug|iPhoneSimulator.Build.0 = Debug|Any CPU
		{145A50A1-4AD6-440A-8463-ECFAF982EBA3}.Release|Any CPU.ActiveCfg = Release|Any CPU
		{145A50A1-4AD6-440A-8463-ECFAF982EBA3}.Release|Any CPU.Build.0 = Release|Any CPU
		{145A50A1-4AD6-440A-8463-ECFAF982EBA3}.Release|iPhone.ActiveCfg = Release|Any CPU
		{145A50A1-4AD6-440A-8463-ECFAF982EBA3}.Release|iPhone.Build.0 = Release|Any CPU
		{145A50A1-4AD6-440A-8463-ECFAF982EBA3}.Release|iPhoneSimulator.ActiveCfg = Release|Any CPU
		{145A50A1-4AD6-440A-8463-ECFAF982EBA3}.Release|iPhoneSimulator.Build.0 = Release|Any CPU
		{C7A9FD80-B394-447C-96CE-CE4636BA7580}.Debug|Any CPU.ActiveCfg = Debug|Any CPU
		{C7A9FD80-B394-447C-96CE-CE4636BA7580}.Debug|Any CPU.Build.0 = Debug|Any CPU
		{C7A9FD80-B394-447C-96CE-CE4636BA7580}.Debug|iPhone.ActiveCfg = Debug|Any CPU
		{C7A9FD80-B394-447C-96CE-CE4636BA7580}.Debug|iPhone.Build.0 = Debug|Any CPU
		{C7A9FD80-B394-447C-96CE-CE4636BA7580}.Debug|iPhoneSimulator.ActiveCfg = Debug|Any CPU
		{C7A9FD80-B394-447C-96CE-CE4636BA7580}.Debug|iPhoneSimulator.Build.0 = Debug|Any CPU
		{C7A9FD80-B394-447C-96CE-CE4636BA7580}.Release|Any CPU.ActiveCfg = Release|Any CPU
		{C7A9FD80-B394-447C-96CE-CE4636BA7580}.Release|Any CPU.Build.0 = Release|Any CPU
		{C7A9FD80-B394-447C-96CE-CE4636BA7580}.Release|iPhone.ActiveCfg = Release|Any CPU
		{C7A9FD80-B394-447C-96CE-CE4636BA7580}.Release|iPhone.Build.0 = Release|Any CPU
		{C7A9FD80-B394-447C-96CE-CE4636BA7580}.Release|iPhoneSimulator.ActiveCfg = Release|Any CPU
		{C7A9FD80-B394-447C-96CE-CE4636BA7580}.Release|iPhoneSimulator.Build.0 = Release|Any CPU
		{7233150B-1100-42E1-8E94-B5997AB6363B}.Debug|Any CPU.ActiveCfg = Debug|Any CPU
		{7233150B-1100-42E1-8E94-B5997AB6363B}.Debug|Any CPU.Build.0 = Debug|Any CPU
		{7233150B-1100-42E1-8E94-B5997AB6363B}.Debug|iPhone.ActiveCfg = Debug|Any CPU
		{7233150B-1100-42E1-8E94-B5997AB6363B}.Debug|iPhone.Build.0 = Debug|Any CPU
		{7233150B-1100-42E1-8E94-B5997AB6363B}.Debug|iPhoneSimulator.ActiveCfg = Debug|Any CPU
		{7233150B-1100-42E1-8E94-B5997AB6363B}.Debug|iPhoneSimulator.Build.0 = Debug|Any CPU
		{7233150B-1100-42E1-8E94-B5997AB6363B}.Release|Any CPU.ActiveCfg = Release|Any CPU
		{7233150B-1100-42E1-8E94-B5997AB6363B}.Release|Any CPU.Build.0 = Release|Any CPU
		{7233150B-1100-42E1-8E94-B5997AB6363B}.Release|iPhone.ActiveCfg = Release|Any CPU
		{7233150B-1100-42E1-8E94-B5997AB6363B}.Release|iPhone.Build.0 = Release|Any CPU
		{7233150B-1100-42E1-8E94-B5997AB6363B}.Release|iPhoneSimulator.ActiveCfg = Release|Any CPU
		{7233150B-1100-42E1-8E94-B5997AB6363B}.Release|iPhoneSimulator.Build.0 = Release|Any CPU
		{D2DF9533-7F6B-4344-B45A-656D1028DAFF}.Debug|Any CPU.ActiveCfg = Debug|Any CPU
		{D2DF9533-7F6B-4344-B45A-656D1028DAFF}.Debug|Any CPU.Build.0 = Debug|Any CPU
		{D2DF9533-7F6B-4344-B45A-656D1028DAFF}.Debug|Any CPU.Deploy.0 = Debug|Any CPU
		{D2DF9533-7F6B-4344-B45A-656D1028DAFF}.Debug|iPhone.ActiveCfg = Debug|Any CPU
		{D2DF9533-7F6B-4344-B45A-656D1028DAFF}.Debug|iPhone.Build.0 = Debug|Any CPU
		{D2DF9533-7F6B-4344-B45A-656D1028DAFF}.Debug|iPhone.Deploy.0 = Debug|Any CPU
		{D2DF9533-7F6B-4344-B45A-656D1028DAFF}.Debug|iPhoneSimulator.ActiveCfg = Debug|Any CPU
		{D2DF9533-7F6B-4344-B45A-656D1028DAFF}.Debug|iPhoneSimulator.Build.0 = Debug|Any CPU
		{D2DF9533-7F6B-4344-B45A-656D1028DAFF}.Debug|iPhoneSimulator.Deploy.0 = Debug|Any CPU
		{D2DF9533-7F6B-4344-B45A-656D1028DAFF}.Release|Any CPU.ActiveCfg = Release|Any CPU
		{D2DF9533-7F6B-4344-B45A-656D1028DAFF}.Release|Any CPU.Build.0 = Release|Any CPU
		{D2DF9533-7F6B-4344-B45A-656D1028DAFF}.Release|Any CPU.Deploy.0 = Release|Any CPU
		{D2DF9533-7F6B-4344-B45A-656D1028DAFF}.Release|iPhone.ActiveCfg = Release|Any CPU
		{D2DF9533-7F6B-4344-B45A-656D1028DAFF}.Release|iPhone.Build.0 = Release|Any CPU
		{D2DF9533-7F6B-4344-B45A-656D1028DAFF}.Release|iPhone.Deploy.0 = Release|Any CPU
		{D2DF9533-7F6B-4344-B45A-656D1028DAFF}.Release|iPhoneSimulator.ActiveCfg = Release|Any CPU
		{D2DF9533-7F6B-4344-B45A-656D1028DAFF}.Release|iPhoneSimulator.Build.0 = Release|Any CPU
		{D2DF9533-7F6B-4344-B45A-656D1028DAFF}.Release|iPhoneSimulator.Deploy.0 = Release|Any CPU
		{C32FC054-B832-4674-BFD6-CC213ABC94BC}.Debug|Any CPU.ActiveCfg = Debug|Any CPU
		{C32FC054-B832-4674-BFD6-CC213ABC94BC}.Debug|Any CPU.Build.0 = Debug|Any CPU
		{C32FC054-B832-4674-BFD6-CC213ABC94BC}.Debug|iPhone.ActiveCfg = Debug|Any CPU
		{C32FC054-B832-4674-BFD6-CC213ABC94BC}.Debug|iPhone.Build.0 = Debug|Any CPU
		{C32FC054-B832-4674-BFD6-CC213ABC94BC}.Debug|iPhoneSimulator.ActiveCfg = Debug|Any CPU
		{C32FC054-B832-4674-BFD6-CC213ABC94BC}.Debug|iPhoneSimulator.Build.0 = Debug|Any CPU
		{C32FC054-B832-4674-BFD6-CC213ABC94BC}.Release|Any CPU.ActiveCfg = Release|Any CPU
		{C32FC054-B832-4674-BFD6-CC213ABC94BC}.Release|Any CPU.Build.0 = Release|Any CPU
		{C32FC054-B832-4674-BFD6-CC213ABC94BC}.Release|iPhone.ActiveCfg = Release|Any CPU
		{C32FC054-B832-4674-BFD6-CC213ABC94BC}.Release|iPhone.Build.0 = Release|Any CPU
		{C32FC054-B832-4674-BFD6-CC213ABC94BC}.Release|iPhoneSimulator.ActiveCfg = Release|Any CPU
		{C32FC054-B832-4674-BFD6-CC213ABC94BC}.Release|iPhoneSimulator.Build.0 = Release|Any CPU
		{501923A4-599A-4F42-B4CB-E03710A41ECB}.Debug|Any CPU.ActiveCfg = Debug|Any CPU
		{501923A4-599A-4F42-B4CB-E03710A41ECB}.Debug|Any CPU.Build.0 = Debug|Any CPU
		{501923A4-599A-4F42-B4CB-E03710A41ECB}.Debug|iPhone.ActiveCfg = Debug|Any CPU
		{501923A4-599A-4F42-B4CB-E03710A41ECB}.Debug|iPhone.Build.0 = Debug|Any CPU
		{501923A4-599A-4F42-B4CB-E03710A41ECB}.Debug|iPhoneSimulator.ActiveCfg = Debug|Any CPU
		{501923A4-599A-4F42-B4CB-E03710A41ECB}.Debug|iPhoneSimulator.Build.0 = Debug|Any CPU
		{501923A4-599A-4F42-B4CB-E03710A41ECB}.Release|Any CPU.ActiveCfg = Release|Any CPU
		{501923A4-599A-4F42-B4CB-E03710A41ECB}.Release|Any CPU.Build.0 = Release|Any CPU
		{501923A4-599A-4F42-B4CB-E03710A41ECB}.Release|iPhone.ActiveCfg = Release|Any CPU
		{501923A4-599A-4F42-B4CB-E03710A41ECB}.Release|iPhone.Build.0 = Release|Any CPU
		{501923A4-599A-4F42-B4CB-E03710A41ECB}.Release|iPhoneSimulator.ActiveCfg = Release|Any CPU
		{501923A4-599A-4F42-B4CB-E03710A41ECB}.Release|iPhoneSimulator.Build.0 = Release|Any CPU
		{24BFE94F-A366-4741-BA14-7DC50C849025}.Debug|Any CPU.ActiveCfg = Debug|Any CPU
		{24BFE94F-A366-4741-BA14-7DC50C849025}.Debug|Any CPU.Build.0 = Debug|Any CPU
		{24BFE94F-A366-4741-BA14-7DC50C849025}.Debug|iPhone.ActiveCfg = Debug|Any CPU
		{24BFE94F-A366-4741-BA14-7DC50C849025}.Debug|iPhone.Build.0 = Debug|Any CPU
		{24BFE94F-A366-4741-BA14-7DC50C849025}.Debug|iPhoneSimulator.ActiveCfg = Debug|Any CPU
		{24BFE94F-A366-4741-BA14-7DC50C849025}.Debug|iPhoneSimulator.Build.0 = Debug|Any CPU
		{24BFE94F-A366-4741-BA14-7DC50C849025}.Release|Any CPU.ActiveCfg = Release|Any CPU
		{24BFE94F-A366-4741-BA14-7DC50C849025}.Release|Any CPU.Build.0 = Release|Any CPU
		{24BFE94F-A366-4741-BA14-7DC50C849025}.Release|iPhone.ActiveCfg = Release|Any CPU
		{24BFE94F-A366-4741-BA14-7DC50C849025}.Release|iPhone.Build.0 = Release|Any CPU
		{24BFE94F-A366-4741-BA14-7DC50C849025}.Release|iPhoneSimulator.ActiveCfg = Release|Any CPU
		{24BFE94F-A366-4741-BA14-7DC50C849025}.Release|iPhoneSimulator.Build.0 = Release|Any CPU
		{7D8A1091-BCA8-4F30-A9A3-E3709BE40375}.Debug|Any CPU.ActiveCfg = Debug|Any CPU
		{7D8A1091-BCA8-4F30-A9A3-E3709BE40375}.Debug|Any CPU.Build.0 = Debug|Any CPU
		{7D8A1091-BCA8-4F30-A9A3-E3709BE40375}.Debug|iPhone.ActiveCfg = Debug|Any CPU
		{7D8A1091-BCA8-4F30-A9A3-E3709BE40375}.Debug|iPhone.Build.0 = Debug|Any CPU
		{7D8A1091-BCA8-4F30-A9A3-E3709BE40375}.Debug|iPhoneSimulator.ActiveCfg = Debug|Any CPU
		{7D8A1091-BCA8-4F30-A9A3-E3709BE40375}.Debug|iPhoneSimulator.Build.0 = Debug|Any CPU
		{7D8A1091-BCA8-4F30-A9A3-E3709BE40375}.Release|Any CPU.ActiveCfg = Release|Any CPU
		{7D8A1091-BCA8-4F30-A9A3-E3709BE40375}.Release|Any CPU.Build.0 = Release|Any CPU
		{7D8A1091-BCA8-4F30-A9A3-E3709BE40375}.Release|iPhone.ActiveCfg = Release|Any CPU
		{7D8A1091-BCA8-4F30-A9A3-E3709BE40375}.Release|iPhone.Build.0 = Release|Any CPU
		{7D8A1091-BCA8-4F30-A9A3-E3709BE40375}.Release|iPhoneSimulator.ActiveCfg = Release|Any CPU
		{7D8A1091-BCA8-4F30-A9A3-E3709BE40375}.Release|iPhoneSimulator.Build.0 = Release|Any CPU
	EndGlobalSection
	GlobalSection(SolutionProperties) = preSolution
		HideSolutionNode = FALSE
	EndGlobalSection
	GlobalSection(NestedProjects) = preSolution
		{0641781A-7AFD-4BD9-91CE-533CFBCBADE5} = {66ADFF4C-893E-4F45-BA81-A07108C346ED}
		{AB09F55A-4826-4E6A-B9FF-6D88CCF60964} = {0641781A-7AFD-4BD9-91CE-533CFBCBADE5}
		{145A50A1-4AD6-440A-8463-ECFAF982EBA3} = {0641781A-7AFD-4BD9-91CE-533CFBCBADE5}
		{C7A9FD80-B394-447C-96CE-CE4636BA7580} = {0641781A-7AFD-4BD9-91CE-533CFBCBADE5}
		{7233150B-1100-42E1-8E94-B5997AB6363B} = {0641781A-7AFD-4BD9-91CE-533CFBCBADE5}
		{24BFE94F-A366-4741-BA14-7DC50C849025} = {66ADFF4C-893E-4F45-BA81-A07108C346ED}
	EndGlobalSection
	GlobalSection(ExtensibilityGlobals) = postSolution
		SolutionGuid = {5D237B5D-67B0-4CBA-B965-DB920A754BAB}
	EndGlobalSection
EndGlobal
