
Microsoft Visual Studio Solution File, Format Version 12.00
# Visual Studio Version 16
VisualStudioVersion = 16.0.29001.49
MinimumVisualStudioVersion = 10.0.40219.1
Project("{2150E333-8FDC-42A3-9474-1A3956D46DE8}") = "modules", "modules", "{66ADFF4C-893E-4F45-BA81-A07108C346ED}"
EndProject
Project("{2150E333-8FDC-42A3-9474-1A3956D46DE8}") = "SharpGLTF", "SharpGLTF", "{0641781A-7AFD-4BD9-91CE-533CFBCBADE5}"
EndProject
Project("{2150E333-8FDC-42A3-9474-1A3956D46DE8}") = "veldrid", "veldrid", "{084ABE3E-EC69-4ED2-91E1-820CE50E2FCB}"
EndProject
Project("{9A19103F-16F7-4668-BE54-9A1E7A4F7556}") = "Veldrid", "modules\veldrid\src\Veldrid\Veldrid.csproj", "{7377C3F6-D77E-4893-9F18-CEFFA0609FF1}"
EndProject
Project("{9A19103F-16F7-4668-BE54-9A1E7A4F7556}") = "Veldrid.ImageSharp", "modules\veldrid\src\Veldrid.ImageSharp\Veldrid.ImageSharp.csproj", "{B11463CF-F86D-46E9-8083-C0D7459F01BD}"
EndProject
Project("{9A19103F-16F7-4668-BE54-9A1E7A4F7556}") = "Veldrid.ImGui", "modules\veldrid\src\Veldrid.ImGui\Veldrid.ImGui.csproj", "{CEFE3C26-5336-4E80-B0AF-373959C3B8D5}"
EndProject
Project("{9A19103F-16F7-4668-BE54-9A1E7A4F7556}") = "Veldrid.MetalBindings", "modules\veldrid\src\Veldrid.MetalBindings\Veldrid.MetalBindings.csproj", "{B7BF7574-8E77-46B4-B6EB-E7B64A6B4203}"
EndProject
Project("{9A19103F-16F7-4668-BE54-9A1E7A4F7556}") = "Veldrid.OpenGLBindings", "modules\veldrid\src\Veldrid.OpenGLBindings\Veldrid.OpenGLBindings.csproj", "{F0538968-6E7A-4390-8840-FA308DCBC652}"
EndProject
Project("{9A19103F-16F7-4668-BE54-9A1E7A4F7556}") = "Veldrid.RenderDoc", "modules\veldrid\src\Veldrid.RenderDoc\Veldrid.RenderDoc.csproj", "{8C2B1250-0DF6-41E9-90FD-0BCA25EC45CD}"
EndProject
Project("{9A19103F-16F7-4668-BE54-9A1E7A4F7556}") = "Veldrid.SDL2", "modules\veldrid\src\Veldrid.SDL2\Veldrid.SDL2.csproj", "{93E243CB-D893-41C1-8D25-52B91AFF6A39}"
EndProject
Project("{9A19103F-16F7-4668-BE54-9A1E7A4F7556}") = "Veldrid.StartupUtilities", "modules\veldrid\src\Veldrid.StartupUtilities\Veldrid.StartupUtilities.csproj", "{74D20D3C-9C8C-49B9-BAA4-1EB15CDDE36E}"
EndProject
Project("{9A19103F-16F7-4668-BE54-9A1E7A4F7556}") = "Veldrid.Tests", "modules\veldrid\src\Veldrid.Tests\Veldrid.Tests.csproj", "{91498471-1E01-412E-869B-2C49529F3AD3}"
EndProject
Project("{9A19103F-16F7-4668-BE54-9A1E7A4F7556}") = "Veldrid.Utilities", "modules\veldrid\src\Veldrid.Utilities\Veldrid.Utilities.csproj", "{4AEEA521-A28D-4354-9CD2-51F6C272A0CA}"
EndProject
Project("{9A19103F-16F7-4668-BE54-9A1E7A4F7556}") = "Veldrid.VirtualReality", "modules\veldrid\src\Veldrid.VirtualReality\Veldrid.VirtualReality.csproj", "{77658ED9-5322-48A3-B3A9-4B1664A4C1C2}"
EndProject
Project("{9A19103F-16F7-4668-BE54-9A1E7A4F7556}") = "Veldrid.VirtualReality.Sample", "modules\veldrid\src\Veldrid.VirtualReality.Sample\Veldrid.VirtualReality.Sample.csproj", "{78908B7E-706D-43D0-AB91-861F18D90D1A}"
EndProject
Project("{9A19103F-16F7-4668-BE54-9A1E7A4F7556}") = "NeoDemo", "modules\veldrid\src\NeoDemo\NeoDemo.csproj", "{FD1CBC35-0890-4063-9D54-59FEBADC2E5C}"
EndProject
Project("{9A19103F-16F7-4668-BE54-9A1E7A4F7556}") = "SharpGLTF.Core", "modules\SharpGLTF\src\SharpGLTF.Core\SharpGLTF.Core.csproj", "{AB09F55A-4826-4E6A-B9FF-6D88CCF60964}"
EndProject
Project("{9A19103F-16F7-4668-BE54-9A1E7A4F7556}") = "SharpGLTF.Toolkit", "modules\SharpGLTF\src\SharpGLTF.Toolkit\SharpGLTF.Toolkit.csproj", "{145A50A1-4AD6-440A-8463-ECFAF982EBA3}"
EndProject
Project("{9A19103F-16F7-4668-BE54-9A1E7A4F7556}") = "SharpGLTF.Tests", "modules\SharpGLTF\tests\SharpGLTF.Tests\SharpGLTF.Tests.csproj", "{C7A9FD80-B394-447C-96CE-CE4636BA7580}"
EndProject
Project("{9A19103F-16F7-4668-BE54-9A1E7A4F7556}") = "Example1", "modules\SharpGLTF\examples\Example1\Example1.csproj", "{7233150B-1100-42E1-8E94-B5997AB6363B}"
EndProject
Project("{9A19103F-16F7-4668-BE54-9A1E7A4F7556}") = "SampleBase", "modules\veldrid-samples\src\SampleBase\SampleBase.csproj", "{4C30553B-84CE-4BBA-A80A-AE54D3300383}"
EndProject
Project("{FAE04EC0-301F-11D3-BF4B-00C04F79EFBC}") = "SampleBase.Android", "modules\veldrid-samples\src\SampleBase.Android\SampleBase.Android.csproj", "{4ACF152F-F65D-4C45-A7EB-B1EC1C5D95D9}"
EndProject
Project("{FAE04EC0-301F-11D3-BF4B-00C04F79EFBC}") = "TexturedCube.Android", "modules\veldrid-samples\src\TexturedCube\Android\TexturedCube.Android.csproj", "{4ADD2589-5227-46CD-8E5C-9C54FA7005C4}"
EndProject
Project("{9A19103F-16F7-4668-BE54-9A1E7A4F7556}") = "TexturedCube", "modules\veldrid-samples\src\TexturedCube\Application\TexturedCube.csproj", "{EA1BFBB9-B48F-41BE-8D83-ABC0B87650C7}"
EndProject
Project("{9A19103F-16F7-4668-BE54-9A1E7A4F7556}") = "TexturedCube.Desktop", "modules\veldrid-samples\src\TexturedCube\Desktop\TexturedCube.Desktop.csproj", "{C5FDE357-3CE8-4424-877A-3275805547D0}"
EndProject
Project("{FAE04EC0-301F-11D3-BF4B-00C04F79EFBC}") = "TexturedCube.iOS", "modules\veldrid-samples\src\TexturedCube\iOS\TexturedCube.iOS.csproj", "{59F506C0-8862-44BD-A1B7-C9941F1C2EC0}"
EndProject
Project("{9A19103F-16F7-4668-BE54-9A1E7A4F7556}") = "AssetProcessor", "modules\veldrid-samples\src\AssetProcessor\AssetProcessor.csproj", "{694B7F48-E815-4EE2-8716-BDC4ADBB57E6}"
EndProject
Project("{9A19103F-16F7-4668-BE54-9A1E7A4F7556}") = "AssetPrimitives", "modules\veldrid-samples\src\AssetPrimitives\AssetPrimitives.csproj", "{B06EE09E-82F2-4C4D-9E08-9BDFC9D3C2F9}"
EndProject
Project("{9A19103F-16F7-4668-BE54-9A1E7A4F7556}") = "Instancing", "modules\veldrid-samples\src\Instancing\Application\Instancing.csproj", "{B46A2BA7-2146-4869-9E93-6409148C94D1}"
EndProject
Project("{2150E333-8FDC-42A3-9474-1A3956D46DE8}") = "Samples", "Samples", "{FCA478EF-6FB5-4F8B-8DB5-8F626BD9478F}"
EndProject
Project("{2150E333-8FDC-42A3-9474-1A3956D46DE8}") = "TexturedCube", "TexturedCube", "{6F0E0670-4C29-4342-AAF5-DAFEBB076F9B}"
EndProject
Project("{FAE04EC0-301F-11D3-BF4B-00C04F79EFBC}") = "SampleBase.iOS", "modules\veldrid-samples\src\SampleBase.iOS\SampleBase.iOS.csproj", "{F3F8BE66-ACF7-4D18-918C-A1D182E7C137}"
EndProject
Project("{FAE04EC0-301F-11D3-BF4B-00C04F79EFBC}") = "VeldridGlTF.Viewer.Android", "VeldridGlTF.Viewer.Android\VeldridGlTF.Viewer.Android.csproj", "{D2DF9533-7F6B-4344-B45A-656D1028DAFF}"
EndProject
Project("{9A19103F-16F7-4668-BE54-9A1E7A4F7556}") = "VeldridGlTF.Viewer.Desktop", "VeldridGlTF.Viewer.Desktop\VeldridGlTF.Viewer.Desktop.csproj", "{C32FC054-B832-4674-BFD6-CC213ABC94BC}"
EndProject
Project("{9A19103F-16F7-4668-BE54-9A1E7A4F7556}") = "VeldridGlTF.Viewer", "VeldridGlTF.Viewer\VeldridGlTF.Viewer.csproj", "{501923A4-599A-4F42-B4CB-E03710A41ECB}"
EndProject
Project("{9A19103F-16F7-4668-BE54-9A1E7A4F7556}") = "Veldrid.SPIRV", "modules\veldrid-spirv\src\Veldrid.SPIRV\Veldrid.SPIRV.csproj", "{CF44581E-C82A-4A5D-BFC4-3402E23119F0}"
EndProject
Project("{9A19103F-16F7-4668-BE54-9A1E7A4F7556}") = "NativeLibraryLoader", "modules\nativelibraryloader\NativeLibraryLoader\NativeLibraryLoader.csproj", "{7373CA4D-9102-4C43-8728-4657C7C1BCAC}"
EndProject
Project("{9A19103F-16F7-4668-BE54-9A1E7A4F7556}") = "Leopotam.Ecs", "modules\ecs\Leopotam.Ecs.csproj", "{24BFE94F-A366-4741-BA14-7DC50C849025}"
EndProject
Project("{9A19103F-16F7-4668-BE54-9A1E7A4F7556}") = "VeldridGlTF.Viewer.UnitTests", "VeldridGlTF.Viewer.UnitTests\VeldridGlTF.Viewer.UnitTests.csproj", "{7D8A1091-BCA8-4F30-A9A3-E3709BE40375}"
EndProject
Project("{9A19103F-16F7-4668-BE54-9A1E7A4F7556}") = "Instancing.Desktop", "modules\veldrid-samples\src\Instancing\Desktop\Instancing.Desktop.csproj", "{C2899A53-DB2A-4161-B8F6-115C8F6D2A23}"
EndProject
Project("{FAE04EC0-301F-11D3-BF4B-00C04F79EFBC}") = "Instancing.Android", "modules\veldrid-samples\src\Instancing\Android\Instancing.Android.csproj", "{972A0A81-4E95-47DE-8B21-62FCBDA0DDB0}"
EndProject
Global
	GlobalSection(SolutionConfigurationPlatforms) = preSolution
		Debug|Any CPU = Debug|Any CPU
		Debug|iPhone = Debug|iPhone
		Debug|iPhoneSimulator = Debug|iPhoneSimulator
		Release|Any CPU = Release|Any CPU
		Release|iPhone = Release|iPhone
		Release|iPhoneSimulator = Release|iPhoneSimulator
	EndGlobalSection
	GlobalSection(ProjectConfigurationPlatforms) = postSolution
		{7377C3F6-D77E-4893-9F18-CEFFA0609FF1}.Debug|Any CPU.ActiveCfg = Debug|Any CPU
		{7377C3F6-D77E-4893-9F18-CEFFA0609FF1}.Debug|Any CPU.Build.0 = Debug|Any CPU
		{7377C3F6-D77E-4893-9F18-CEFFA0609FF1}.Debug|iPhone.ActiveCfg = Debug|Any CPU
		{7377C3F6-D77E-4893-9F18-CEFFA0609FF1}.Debug|iPhone.Build.0 = Debug|Any CPU
		{7377C3F6-D77E-4893-9F18-CEFFA0609FF1}.Debug|iPhoneSimulator.ActiveCfg = Debug|Any CPU
		{7377C3F6-D77E-4893-9F18-CEFFA0609FF1}.Debug|iPhoneSimulator.Build.0 = Debug|Any CPU
		{7377C3F6-D77E-4893-9F18-CEFFA0609FF1}.Release|Any CPU.ActiveCfg = Release|Any CPU
		{7377C3F6-D77E-4893-9F18-CEFFA0609FF1}.Release|Any CPU.Build.0 = Release|Any CPU
		{7377C3F6-D77E-4893-9F18-CEFFA0609FF1}.Release|iPhone.ActiveCfg = Release|Any CPU
		{7377C3F6-D77E-4893-9F18-CEFFA0609FF1}.Release|iPhone.Build.0 = Release|Any CPU
		{7377C3F6-D77E-4893-9F18-CEFFA0609FF1}.Release|iPhoneSimulator.ActiveCfg = Release|Any CPU
		{7377C3F6-D77E-4893-9F18-CEFFA0609FF1}.Release|iPhoneSimulator.Build.0 = Release|Any CPU
		{B11463CF-F86D-46E9-8083-C0D7459F01BD}.Debug|Any CPU.ActiveCfg = Debug|Any CPU
		{B11463CF-F86D-46E9-8083-C0D7459F01BD}.Debug|Any CPU.Build.0 = Debug|Any CPU
		{B11463CF-F86D-46E9-8083-C0D7459F01BD}.Debug|iPhone.ActiveCfg = Debug|Any CPU
		{B11463CF-F86D-46E9-8083-C0D7459F01BD}.Debug|iPhone.Build.0 = Debug|Any CPU
		{B11463CF-F86D-46E9-8083-C0D7459F01BD}.Debug|iPhoneSimulator.ActiveCfg = Debug|Any CPU
		{B11463CF-F86D-46E9-8083-C0D7459F01BD}.Debug|iPhoneSimulator.Build.0 = Debug|Any CPU
		{B11463CF-F86D-46E9-8083-C0D7459F01BD}.Release|Any CPU.ActiveCfg = Release|Any CPU
		{B11463CF-F86D-46E9-8083-C0D7459F01BD}.Release|Any CPU.Build.0 = Release|Any CPU
		{B11463CF-F86D-46E9-8083-C0D7459F01BD}.Release|iPhone.ActiveCfg = Release|Any CPU
		{B11463CF-F86D-46E9-8083-C0D7459F01BD}.Release|iPhone.Build.0 = Release|Any CPU
		{B11463CF-F86D-46E9-8083-C0D7459F01BD}.Release|iPhoneSimulator.ActiveCfg = Release|Any CPU
		{B11463CF-F86D-46E9-8083-C0D7459F01BD}.Release|iPhoneSimulator.Build.0 = Release|Any CPU
		{CEFE3C26-5336-4E80-B0AF-373959C3B8D5}.Debug|Any CPU.ActiveCfg = Debug|Any CPU
		{CEFE3C26-5336-4E80-B0AF-373959C3B8D5}.Debug|Any CPU.Build.0 = Debug|Any CPU
		{CEFE3C26-5336-4E80-B0AF-373959C3B8D5}.Debug|iPhone.ActiveCfg = Debug|Any CPU
		{CEFE3C26-5336-4E80-B0AF-373959C3B8D5}.Debug|iPhone.Build.0 = Debug|Any CPU
		{CEFE3C26-5336-4E80-B0AF-373959C3B8D5}.Debug|iPhoneSimulator.ActiveCfg = Debug|Any CPU
		{CEFE3C26-5336-4E80-B0AF-373959C3B8D5}.Debug|iPhoneSimulator.Build.0 = Debug|Any CPU
		{CEFE3C26-5336-4E80-B0AF-373959C3B8D5}.Release|Any CPU.ActiveCfg = Release|Any CPU
		{CEFE3C26-5336-4E80-B0AF-373959C3B8D5}.Release|Any CPU.Build.0 = Release|Any CPU
		{CEFE3C26-5336-4E80-B0AF-373959C3B8D5}.Release|iPhone.ActiveCfg = Release|Any CPU
		{CEFE3C26-5336-4E80-B0AF-373959C3B8D5}.Release|iPhone.Build.0 = Release|Any CPU
		{CEFE3C26-5336-4E80-B0AF-373959C3B8D5}.Release|iPhoneSimulator.ActiveCfg = Release|Any CPU
		{CEFE3C26-5336-4E80-B0AF-373959C3B8D5}.Release|iPhoneSimulator.Build.0 = Release|Any CPU
		{B7BF7574-8E77-46B4-B6EB-E7B64A6B4203}.Debug|Any CPU.ActiveCfg = Debug|Any CPU
		{B7BF7574-8E77-46B4-B6EB-E7B64A6B4203}.Debug|Any CPU.Build.0 = Debug|Any CPU
		{B7BF7574-8E77-46B4-B6EB-E7B64A6B4203}.Debug|iPhone.ActiveCfg = Debug|Any CPU
		{B7BF7574-8E77-46B4-B6EB-E7B64A6B4203}.Debug|iPhone.Build.0 = Debug|Any CPU
		{B7BF7574-8E77-46B4-B6EB-E7B64A6B4203}.Debug|iPhoneSimulator.ActiveCfg = Debug|Any CPU
		{B7BF7574-8E77-46B4-B6EB-E7B64A6B4203}.Debug|iPhoneSimulator.Build.0 = Debug|Any CPU
		{B7BF7574-8E77-46B4-B6EB-E7B64A6B4203}.Release|Any CPU.ActiveCfg = Release|Any CPU
		{B7BF7574-8E77-46B4-B6EB-E7B64A6B4203}.Release|Any CPU.Build.0 = Release|Any CPU
		{B7BF7574-8E77-46B4-B6EB-E7B64A6B4203}.Release|iPhone.ActiveCfg = Release|Any CPU
		{B7BF7574-8E77-46B4-B6EB-E7B64A6B4203}.Release|iPhone.Build.0 = Release|Any CPU
		{B7BF7574-8E77-46B4-B6EB-E7B64A6B4203}.Release|iPhoneSimulator.ActiveCfg = Release|Any CPU
		{B7BF7574-8E77-46B4-B6EB-E7B64A6B4203}.Release|iPhoneSimulator.Build.0 = Release|Any CPU
		{F0538968-6E7A-4390-8840-FA308DCBC652}.Debug|Any CPU.ActiveCfg = Debug|Any CPU
		{F0538968-6E7A-4390-8840-FA308DCBC652}.Debug|Any CPU.Build.0 = Debug|Any CPU
		{F0538968-6E7A-4390-8840-FA308DCBC652}.Debug|iPhone.ActiveCfg = Debug|Any CPU
		{F0538968-6E7A-4390-8840-FA308DCBC652}.Debug|iPhone.Build.0 = Debug|Any CPU
		{F0538968-6E7A-4390-8840-FA308DCBC652}.Debug|iPhoneSimulator.ActiveCfg = Debug|Any CPU
		{F0538968-6E7A-4390-8840-FA308DCBC652}.Debug|iPhoneSimulator.Build.0 = Debug|Any CPU
		{F0538968-6E7A-4390-8840-FA308DCBC652}.Release|Any CPU.ActiveCfg = Release|Any CPU
		{F0538968-6E7A-4390-8840-FA308DCBC652}.Release|Any CPU.Build.0 = Release|Any CPU
		{F0538968-6E7A-4390-8840-FA308DCBC652}.Release|iPhone.ActiveCfg = Release|Any CPU
		{F0538968-6E7A-4390-8840-FA308DCBC652}.Release|iPhone.Build.0 = Release|Any CPU
		{F0538968-6E7A-4390-8840-FA308DCBC652}.Release|iPhoneSimulator.ActiveCfg = Release|Any CPU
		{F0538968-6E7A-4390-8840-FA308DCBC652}.Release|iPhoneSimulator.Build.0 = Release|Any CPU
		{8C2B1250-0DF6-41E9-90FD-0BCA25EC45CD}.Debug|Any CPU.ActiveCfg = Debug|Any CPU
		{8C2B1250-0DF6-41E9-90FD-0BCA25EC45CD}.Debug|Any CPU.Build.0 = Debug|Any CPU
		{8C2B1250-0DF6-41E9-90FD-0BCA25EC45CD}.Debug|iPhone.ActiveCfg = Debug|Any CPU
		{8C2B1250-0DF6-41E9-90FD-0BCA25EC45CD}.Debug|iPhone.Build.0 = Debug|Any CPU
		{8C2B1250-0DF6-41E9-90FD-0BCA25EC45CD}.Debug|iPhoneSimulator.ActiveCfg = Debug|Any CPU
		{8C2B1250-0DF6-41E9-90FD-0BCA25EC45CD}.Debug|iPhoneSimulator.Build.0 = Debug|Any CPU
		{8C2B1250-0DF6-41E9-90FD-0BCA25EC45CD}.Release|Any CPU.ActiveCfg = Release|Any CPU
		{8C2B1250-0DF6-41E9-90FD-0BCA25EC45CD}.Release|Any CPU.Build.0 = Release|Any CPU
		{8C2B1250-0DF6-41E9-90FD-0BCA25EC45CD}.Release|iPhone.ActiveCfg = Release|Any CPU
		{8C2B1250-0DF6-41E9-90FD-0BCA25EC45CD}.Release|iPhone.Build.0 = Release|Any CPU
		{8C2B1250-0DF6-41E9-90FD-0BCA25EC45CD}.Release|iPhoneSimulator.ActiveCfg = Release|Any CPU
		{8C2B1250-0DF6-41E9-90FD-0BCA25EC45CD}.Release|iPhoneSimulator.Build.0 = Release|Any CPU
		{93E243CB-D893-41C1-8D25-52B91AFF6A39}.Debug|Any CPU.ActiveCfg = Debug|Any CPU
		{93E243CB-D893-41C1-8D25-52B91AFF6A39}.Debug|Any CPU.Build.0 = Debug|Any CPU
		{93E243CB-D893-41C1-8D25-52B91AFF6A39}.Debug|iPhone.ActiveCfg = Debug|Any CPU
		{93E243CB-D893-41C1-8D25-52B91AFF6A39}.Debug|iPhone.Build.0 = Debug|Any CPU
		{93E243CB-D893-41C1-8D25-52B91AFF6A39}.Debug|iPhoneSimulator.ActiveCfg = Debug|Any CPU
		{93E243CB-D893-41C1-8D25-52B91AFF6A39}.Debug|iPhoneSimulator.Build.0 = Debug|Any CPU
		{93E243CB-D893-41C1-8D25-52B91AFF6A39}.Release|Any CPU.ActiveCfg = Release|Any CPU
		{93E243CB-D893-41C1-8D25-52B91AFF6A39}.Release|Any CPU.Build.0 = Release|Any CPU
		{93E243CB-D893-41C1-8D25-52B91AFF6A39}.Release|iPhone.ActiveCfg = Release|Any CPU
		{93E243CB-D893-41C1-8D25-52B91AFF6A39}.Release|iPhone.Build.0 = Release|Any CPU
		{93E243CB-D893-41C1-8D25-52B91AFF6A39}.Release|iPhoneSimulator.ActiveCfg = Release|Any CPU
		{93E243CB-D893-41C1-8D25-52B91AFF6A39}.Release|iPhoneSimulator.Build.0 = Release|Any CPU
		{74D20D3C-9C8C-49B9-BAA4-1EB15CDDE36E}.Debug|Any CPU.ActiveCfg = Debug|Any CPU
		{74D20D3C-9C8C-49B9-BAA4-1EB15CDDE36E}.Debug|Any CPU.Build.0 = Debug|Any CPU
		{74D20D3C-9C8C-49B9-BAA4-1EB15CDDE36E}.Debug|iPhone.ActiveCfg = Debug|Any CPU
		{74D20D3C-9C8C-49B9-BAA4-1EB15CDDE36E}.Debug|iPhone.Build.0 = Debug|Any CPU
		{74D20D3C-9C8C-49B9-BAA4-1EB15CDDE36E}.Debug|iPhoneSimulator.ActiveCfg = Debug|Any CPU
		{74D20D3C-9C8C-49B9-BAA4-1EB15CDDE36E}.Debug|iPhoneSimulator.Build.0 = Debug|Any CPU
		{74D20D3C-9C8C-49B9-BAA4-1EB15CDDE36E}.Release|Any CPU.ActiveCfg = Release|Any CPU
		{74D20D3C-9C8C-49B9-BAA4-1EB15CDDE36E}.Release|Any CPU.Build.0 = Release|Any CPU
		{74D20D3C-9C8C-49B9-BAA4-1EB15CDDE36E}.Release|iPhone.ActiveCfg = Release|Any CPU
		{74D20D3C-9C8C-49B9-BAA4-1EB15CDDE36E}.Release|iPhone.Build.0 = Release|Any CPU
		{74D20D3C-9C8C-49B9-BAA4-1EB15CDDE36E}.Release|iPhoneSimulator.ActiveCfg = Release|Any CPU
		{74D20D3C-9C8C-49B9-BAA4-1EB15CDDE36E}.Release|iPhoneSimulator.Build.0 = Release|Any CPU
		{91498471-1E01-412E-869B-2C49529F3AD3}.Debug|Any CPU.ActiveCfg = Debug|Any CPU
		{91498471-1E01-412E-869B-2C49529F3AD3}.Debug|Any CPU.Build.0 = Debug|Any CPU
		{91498471-1E01-412E-869B-2C49529F3AD3}.Debug|iPhone.ActiveCfg = Debug|Any CPU
		{91498471-1E01-412E-869B-2C49529F3AD3}.Debug|iPhone.Build.0 = Debug|Any CPU
		{91498471-1E01-412E-869B-2C49529F3AD3}.Debug|iPhoneSimulator.ActiveCfg = Debug|Any CPU
		{91498471-1E01-412E-869B-2C49529F3AD3}.Debug|iPhoneSimulator.Build.0 = Debug|Any CPU
		{91498471-1E01-412E-869B-2C49529F3AD3}.Release|Any CPU.ActiveCfg = Release|Any CPU
		{91498471-1E01-412E-869B-2C49529F3AD3}.Release|Any CPU.Build.0 = Release|Any CPU
		{91498471-1E01-412E-869B-2C49529F3AD3}.Release|iPhone.ActiveCfg = Release|Any CPU
		{91498471-1E01-412E-869B-2C49529F3AD3}.Release|iPhone.Build.0 = Release|Any CPU
		{91498471-1E01-412E-869B-2C49529F3AD3}.Release|iPhoneSimulator.ActiveCfg = Release|Any CPU
		{91498471-1E01-412E-869B-2C49529F3AD3}.Release|iPhoneSimulator.Build.0 = Release|Any CPU
		{4AEEA521-A28D-4354-9CD2-51F6C272A0CA}.Debug|Any CPU.ActiveCfg = Debug|Any CPU
		{4AEEA521-A28D-4354-9CD2-51F6C272A0CA}.Debug|Any CPU.Build.0 = Debug|Any CPU
		{4AEEA521-A28D-4354-9CD2-51F6C272A0CA}.Debug|iPhone.ActiveCfg = Debug|Any CPU
		{4AEEA521-A28D-4354-9CD2-51F6C272A0CA}.Debug|iPhone.Build.0 = Debug|Any CPU
		{4AEEA521-A28D-4354-9CD2-51F6C272A0CA}.Debug|iPhoneSimulator.ActiveCfg = Debug|Any CPU
		{4AEEA521-A28D-4354-9CD2-51F6C272A0CA}.Debug|iPhoneSimulator.Build.0 = Debug|Any CPU
		{4AEEA521-A28D-4354-9CD2-51F6C272A0CA}.Release|Any CPU.ActiveCfg = Release|Any CPU
		{4AEEA521-A28D-4354-9CD2-51F6C272A0CA}.Release|Any CPU.Build.0 = Release|Any CPU
		{4AEEA521-A28D-4354-9CD2-51F6C272A0CA}.Release|iPhone.ActiveCfg = Release|Any CPU
		{4AEEA521-A28D-4354-9CD2-51F6C272A0CA}.Release|iPhone.Build.0 = Release|Any CPU
		{4AEEA521-A28D-4354-9CD2-51F6C272A0CA}.Release|iPhoneSimulator.ActiveCfg = Release|Any CPU
		{4AEEA521-A28D-4354-9CD2-51F6C272A0CA}.Release|iPhoneSimulator.Build.0 = Release|Any CPU
		{77658ED9-5322-48A3-B3A9-4B1664A4C1C2}.Debug|Any CPU.ActiveCfg = Debug|Any CPU
		{77658ED9-5322-48A3-B3A9-4B1664A4C1C2}.Debug|Any CPU.Build.0 = Debug|Any CPU
		{77658ED9-5322-48A3-B3A9-4B1664A4C1C2}.Debug|iPhone.ActiveCfg = Debug|Any CPU
		{77658ED9-5322-48A3-B3A9-4B1664A4C1C2}.Debug|iPhone.Build.0 = Debug|Any CPU
		{77658ED9-5322-48A3-B3A9-4B1664A4C1C2}.Debug|iPhoneSimulator.ActiveCfg = Debug|Any CPU
		{77658ED9-5322-48A3-B3A9-4B1664A4C1C2}.Debug|iPhoneSimulator.Build.0 = Debug|Any CPU
		{77658ED9-5322-48A3-B3A9-4B1664A4C1C2}.Release|Any CPU.ActiveCfg = Release|Any CPU
		{77658ED9-5322-48A3-B3A9-4B1664A4C1C2}.Release|Any CPU.Build.0 = Release|Any CPU
		{77658ED9-5322-48A3-B3A9-4B1664A4C1C2}.Release|iPhone.ActiveCfg = Release|Any CPU
		{77658ED9-5322-48A3-B3A9-4B1664A4C1C2}.Release|iPhone.Build.0 = Release|Any CPU
		{77658ED9-5322-48A3-B3A9-4B1664A4C1C2}.Release|iPhoneSimulator.ActiveCfg = Release|Any CPU
		{77658ED9-5322-48A3-B3A9-4B1664A4C1C2}.Release|iPhoneSimulator.Build.0 = Release|Any CPU
		{78908B7E-706D-43D0-AB91-861F18D90D1A}.Debug|Any CPU.ActiveCfg = Debug|Any CPU
		{78908B7E-706D-43D0-AB91-861F18D90D1A}.Debug|Any CPU.Build.0 = Debug|Any CPU
		{78908B7E-706D-43D0-AB91-861F18D90D1A}.Debug|iPhone.ActiveCfg = Debug|Any CPU
		{78908B7E-706D-43D0-AB91-861F18D90D1A}.Debug|iPhone.Build.0 = Debug|Any CPU
		{78908B7E-706D-43D0-AB91-861F18D90D1A}.Debug|iPhoneSimulator.ActiveCfg = Debug|Any CPU
		{78908B7E-706D-43D0-AB91-861F18D90D1A}.Debug|iPhoneSimulator.Build.0 = Debug|Any CPU
		{78908B7E-706D-43D0-AB91-861F18D90D1A}.Release|Any CPU.ActiveCfg = Release|Any CPU
		{78908B7E-706D-43D0-AB91-861F18D90D1A}.Release|Any CPU.Build.0 = Release|Any CPU
		{78908B7E-706D-43D0-AB91-861F18D90D1A}.Release|iPhone.ActiveCfg = Release|Any CPU
		{78908B7E-706D-43D0-AB91-861F18D90D1A}.Release|iPhone.Build.0 = Release|Any CPU
		{78908B7E-706D-43D0-AB91-861F18D90D1A}.Release|iPhoneSimulator.ActiveCfg = Release|Any CPU
		{78908B7E-706D-43D0-AB91-861F18D90D1A}.Release|iPhoneSimulator.Build.0 = Release|Any CPU
		{FD1CBC35-0890-4063-9D54-59FEBADC2E5C}.Debug|Any CPU.ActiveCfg = Debug|Any CPU
		{FD1CBC35-0890-4063-9D54-59FEBADC2E5C}.Debug|Any CPU.Build.0 = Debug|Any CPU
		{FD1CBC35-0890-4063-9D54-59FEBADC2E5C}.Debug|iPhone.ActiveCfg = Debug|Any CPU
		{FD1CBC35-0890-4063-9D54-59FEBADC2E5C}.Debug|iPhone.Build.0 = Debug|Any CPU
		{FD1CBC35-0890-4063-9D54-59FEBADC2E5C}.Debug|iPhoneSimulator.ActiveCfg = Debug|Any CPU
		{FD1CBC35-0890-4063-9D54-59FEBADC2E5C}.Debug|iPhoneSimulator.Build.0 = Debug|Any CPU
		{FD1CBC35-0890-4063-9D54-59FEBADC2E5C}.Release|Any CPU.ActiveCfg = Release|Any CPU
		{FD1CBC35-0890-4063-9D54-59FEBADC2E5C}.Release|Any CPU.Build.0 = Release|Any CPU
		{FD1CBC35-0890-4063-9D54-59FEBADC2E5C}.Release|iPhone.ActiveCfg = Release|Any CPU
		{FD1CBC35-0890-4063-9D54-59FEBADC2E5C}.Release|iPhone.Build.0 = Release|Any CPU
		{FD1CBC35-0890-4063-9D54-59FEBADC2E5C}.Release|iPhoneSimulator.ActiveCfg = Release|Any CPU
		{FD1CBC35-0890-4063-9D54-59FEBADC2E5C}.Release|iPhoneSimulator.Build.0 = Release|Any CPU
		{AB09F55A-4826-4E6A-B9FF-6D88CCF60964}.Debug|Any CPU.ActiveCfg = Debug|Any CPU
		{AB09F55A-4826-4E6A-B9FF-6D88CCF60964}.Debug|Any CPU.Build.0 = Debug|Any CPU
		{AB09F55A-4826-4E6A-B9FF-6D88CCF60964}.Debug|iPhone.ActiveCfg = Debug|Any CPU
		{AB09F55A-4826-4E6A-B9FF-6D88CCF60964}.Debug|iPhone.Build.0 = Debug|Any CPU
		{AB09F55A-4826-4E6A-B9FF-6D88CCF60964}.Debug|iPhoneSimulator.ActiveCfg = Debug|Any CPU
		{AB09F55A-4826-4E6A-B9FF-6D88CCF60964}.Debug|iPhoneSimulator.Build.0 = Debug|Any CPU
		{AB09F55A-4826-4E6A-B9FF-6D88CCF60964}.Release|Any CPU.ActiveCfg = Release|Any CPU
		{AB09F55A-4826-4E6A-B9FF-6D88CCF60964}.Release|Any CPU.Build.0 = Release|Any CPU
		{AB09F55A-4826-4E6A-B9FF-6D88CCF60964}.Release|iPhone.ActiveCfg = Release|Any CPU
		{AB09F55A-4826-4E6A-B9FF-6D88CCF60964}.Release|iPhone.Build.0 = Release|Any CPU
		{AB09F55A-4826-4E6A-B9FF-6D88CCF60964}.Release|iPhoneSimulator.ActiveCfg = Release|Any CPU
		{AB09F55A-4826-4E6A-B9FF-6D88CCF60964}.Release|iPhoneSimulator.Build.0 = Release|Any CPU
		{145A50A1-4AD6-440A-8463-ECFAF982EBA3}.Debug|Any CPU.ActiveCfg = Debug|Any CPU
		{145A50A1-4AD6-440A-8463-ECFAF982EBA3}.Debug|Any CPU.Build.0 = Debug|Any CPU
		{145A50A1-4AD6-440A-8463-ECFAF982EBA3}.Debug|iPhone.ActiveCfg = Debug|Any CPU
		{145A50A1-4AD6-440A-8463-ECFAF982EBA3}.Debug|iPhone.Build.0 = Debug|Any CPU
		{145A50A1-4AD6-440A-8463-ECFAF982EBA3}.Debug|iPhoneSimulator.ActiveCfg = Debug|Any CPU
		{145A50A1-4AD6-440A-8463-ECFAF982EBA3}.Debug|iPhoneSimulator.Build.0 = Debug|Any CPU
		{145A50A1-4AD6-440A-8463-ECFAF982EBA3}.Release|Any CPU.ActiveCfg = Release|Any CPU
		{145A50A1-4AD6-440A-8463-ECFAF982EBA3}.Release|Any CPU.Build.0 = Release|Any CPU
		{145A50A1-4AD6-440A-8463-ECFAF982EBA3}.Release|iPhone.ActiveCfg = Release|Any CPU
		{145A50A1-4AD6-440A-8463-ECFAF982EBA3}.Release|iPhone.Build.0 = Release|Any CPU
		{145A50A1-4AD6-440A-8463-ECFAF982EBA3}.Release|iPhoneSimulator.ActiveCfg = Release|Any CPU
		{145A50A1-4AD6-440A-8463-ECFAF982EBA3}.Release|iPhoneSimulator.Build.0 = Release|Any CPU
		{C7A9FD80-B394-447C-96CE-CE4636BA7580}.Debug|Any CPU.ActiveCfg = Debug|Any CPU
		{C7A9FD80-B394-447C-96CE-CE4636BA7580}.Debug|Any CPU.Build.0 = Debug|Any CPU
		{C7A9FD80-B394-447C-96CE-CE4636BA7580}.Debug|iPhone.ActiveCfg = Debug|Any CPU
		{C7A9FD80-B394-447C-96CE-CE4636BA7580}.Debug|iPhone.Build.0 = Debug|Any CPU
		{C7A9FD80-B394-447C-96CE-CE4636BA7580}.Debug|iPhoneSimulator.ActiveCfg = Debug|Any CPU
		{C7A9FD80-B394-447C-96CE-CE4636BA7580}.Debug|iPhoneSimulator.Build.0 = Debug|Any CPU
		{C7A9FD80-B394-447C-96CE-CE4636BA7580}.Release|Any CPU.ActiveCfg = Release|Any CPU
		{C7A9FD80-B394-447C-96CE-CE4636BA7580}.Release|Any CPU.Build.0 = Release|Any CPU
		{C7A9FD80-B394-447C-96CE-CE4636BA7580}.Release|iPhone.ActiveCfg = Release|Any CPU
		{C7A9FD80-B394-447C-96CE-CE4636BA7580}.Release|iPhone.Build.0 = Release|Any CPU
		{C7A9FD80-B394-447C-96CE-CE4636BA7580}.Release|iPhoneSimulator.ActiveCfg = Release|Any CPU
		{C7A9FD80-B394-447C-96CE-CE4636BA7580}.Release|iPhoneSimulator.Build.0 = Release|Any CPU
		{7233150B-1100-42E1-8E94-B5997AB6363B}.Debug|Any CPU.ActiveCfg = Debug|Any CPU
		{7233150B-1100-42E1-8E94-B5997AB6363B}.Debug|Any CPU.Build.0 = Debug|Any CPU
		{7233150B-1100-42E1-8E94-B5997AB6363B}.Debug|iPhone.ActiveCfg = Debug|Any CPU
		{7233150B-1100-42E1-8E94-B5997AB6363B}.Debug|iPhone.Build.0 = Debug|Any CPU
		{7233150B-1100-42E1-8E94-B5997AB6363B}.Debug|iPhoneSimulator.ActiveCfg = Debug|Any CPU
		{7233150B-1100-42E1-8E94-B5997AB6363B}.Debug|iPhoneSimulator.Build.0 = Debug|Any CPU
		{7233150B-1100-42E1-8E94-B5997AB6363B}.Release|Any CPU.ActiveCfg = Release|Any CPU
		{7233150B-1100-42E1-8E94-B5997AB6363B}.Release|Any CPU.Build.0 = Release|Any CPU
		{7233150B-1100-42E1-8E94-B5997AB6363B}.Release|iPhone.ActiveCfg = Release|Any CPU
		{7233150B-1100-42E1-8E94-B5997AB6363B}.Release|iPhone.Build.0 = Release|Any CPU
		{7233150B-1100-42E1-8E94-B5997AB6363B}.Release|iPhoneSimulator.ActiveCfg = Release|Any CPU
		{7233150B-1100-42E1-8E94-B5997AB6363B}.Release|iPhoneSimulator.Build.0 = Release|Any CPU
		{4C30553B-84CE-4BBA-A80A-AE54D3300383}.Debug|Any CPU.ActiveCfg = Debug|Any CPU
		{4C30553B-84CE-4BBA-A80A-AE54D3300383}.Debug|Any CPU.Build.0 = Debug|Any CPU
		{4C30553B-84CE-4BBA-A80A-AE54D3300383}.Debug|iPhone.ActiveCfg = Debug|Any CPU
		{4C30553B-84CE-4BBA-A80A-AE54D3300383}.Debug|iPhone.Build.0 = Debug|Any CPU
		{4C30553B-84CE-4BBA-A80A-AE54D3300383}.Debug|iPhoneSimulator.ActiveCfg = Debug|Any CPU
		{4C30553B-84CE-4BBA-A80A-AE54D3300383}.Debug|iPhoneSimulator.Build.0 = Debug|Any CPU
		{4C30553B-84CE-4BBA-A80A-AE54D3300383}.Release|Any CPU.ActiveCfg = Release|Any CPU
		{4C30553B-84CE-4BBA-A80A-AE54D3300383}.Release|Any CPU.Build.0 = Release|Any CPU
		{4C30553B-84CE-4BBA-A80A-AE54D3300383}.Release|iPhone.ActiveCfg = Release|Any CPU
		{4C30553B-84CE-4BBA-A80A-AE54D3300383}.Release|iPhone.Build.0 = Release|Any CPU
		{4C30553B-84CE-4BBA-A80A-AE54D3300383}.Release|iPhoneSimulator.ActiveCfg = Release|Any CPU
		{4C30553B-84CE-4BBA-A80A-AE54D3300383}.Release|iPhoneSimulator.Build.0 = Release|Any CPU
		{4ACF152F-F65D-4C45-A7EB-B1EC1C5D95D9}.Debug|Any CPU.ActiveCfg = Debug|Any CPU
		{4ACF152F-F65D-4C45-A7EB-B1EC1C5D95D9}.Debug|Any CPU.Build.0 = Debug|Any CPU
		{4ACF152F-F65D-4C45-A7EB-B1EC1C5D95D9}.Debug|iPhone.ActiveCfg = Debug|Any CPU
		{4ACF152F-F65D-4C45-A7EB-B1EC1C5D95D9}.Debug|iPhone.Build.0 = Debug|Any CPU
		{4ACF152F-F65D-4C45-A7EB-B1EC1C5D95D9}.Debug|iPhoneSimulator.ActiveCfg = Debug|Any CPU
		{4ACF152F-F65D-4C45-A7EB-B1EC1C5D95D9}.Debug|iPhoneSimulator.Build.0 = Debug|Any CPU
		{4ACF152F-F65D-4C45-A7EB-B1EC1C5D95D9}.Release|Any CPU.ActiveCfg = Release|Any CPU
		{4ACF152F-F65D-4C45-A7EB-B1EC1C5D95D9}.Release|Any CPU.Build.0 = Release|Any CPU
		{4ACF152F-F65D-4C45-A7EB-B1EC1C5D95D9}.Release|iPhone.ActiveCfg = Release|Any CPU
		{4ACF152F-F65D-4C45-A7EB-B1EC1C5D95D9}.Release|iPhone.Build.0 = Release|Any CPU
		{4ACF152F-F65D-4C45-A7EB-B1EC1C5D95D9}.Release|iPhoneSimulator.ActiveCfg = Release|Any CPU
		{4ACF152F-F65D-4C45-A7EB-B1EC1C5D95D9}.Release|iPhoneSimulator.Build.0 = Release|Any CPU
		{4ADD2589-5227-46CD-8E5C-9C54FA7005C4}.Debug|Any CPU.ActiveCfg = Debug|Any CPU
		{4ADD2589-5227-46CD-8E5C-9C54FA7005C4}.Debug|Any CPU.Build.0 = Debug|Any CPU
		{4ADD2589-5227-46CD-8E5C-9C54FA7005C4}.Debug|Any CPU.Deploy.0 = Debug|Any CPU
		{4ADD2589-5227-46CD-8E5C-9C54FA7005C4}.Debug|iPhone.ActiveCfg = Debug|Any CPU
		{4ADD2589-5227-46CD-8E5C-9C54FA7005C4}.Debug|iPhone.Build.0 = Debug|Any CPU
		{4ADD2589-5227-46CD-8E5C-9C54FA7005C4}.Debug|iPhone.Deploy.0 = Debug|Any CPU
		{4ADD2589-5227-46CD-8E5C-9C54FA7005C4}.Debug|iPhoneSimulator.ActiveCfg = Debug|Any CPU
		{4ADD2589-5227-46CD-8E5C-9C54FA7005C4}.Debug|iPhoneSimulator.Build.0 = Debug|Any CPU
		{4ADD2589-5227-46CD-8E5C-9C54FA7005C4}.Debug|iPhoneSimulator.Deploy.0 = Debug|Any CPU
		{4ADD2589-5227-46CD-8E5C-9C54FA7005C4}.Release|Any CPU.ActiveCfg = Release|Any CPU
		{4ADD2589-5227-46CD-8E5C-9C54FA7005C4}.Release|Any CPU.Build.0 = Release|Any CPU
		{4ADD2589-5227-46CD-8E5C-9C54FA7005C4}.Release|Any CPU.Deploy.0 = Release|Any CPU
		{4ADD2589-5227-46CD-8E5C-9C54FA7005C4}.Release|iPhone.ActiveCfg = Release|Any CPU
		{4ADD2589-5227-46CD-8E5C-9C54FA7005C4}.Release|iPhone.Build.0 = Release|Any CPU
		{4ADD2589-5227-46CD-8E5C-9C54FA7005C4}.Release|iPhone.Deploy.0 = Release|Any CPU
		{4ADD2589-5227-46CD-8E5C-9C54FA7005C4}.Release|iPhoneSimulator.ActiveCfg = Release|Any CPU
		{4ADD2589-5227-46CD-8E5C-9C54FA7005C4}.Release|iPhoneSimulator.Build.0 = Release|Any CPU
		{4ADD2589-5227-46CD-8E5C-9C54FA7005C4}.Release|iPhoneSimulator.Deploy.0 = Release|Any CPU
		{EA1BFBB9-B48F-41BE-8D83-ABC0B87650C7}.Debug|Any CPU.ActiveCfg = Debug|Any CPU
		{EA1BFBB9-B48F-41BE-8D83-ABC0B87650C7}.Debug|Any CPU.Build.0 = Debug|Any CPU
		{EA1BFBB9-B48F-41BE-8D83-ABC0B87650C7}.Debug|iPhone.ActiveCfg = Debug|Any CPU
		{EA1BFBB9-B48F-41BE-8D83-ABC0B87650C7}.Debug|iPhone.Build.0 = Debug|Any CPU
		{EA1BFBB9-B48F-41BE-8D83-ABC0B87650C7}.Debug|iPhoneSimulator.ActiveCfg = Debug|Any CPU
		{EA1BFBB9-B48F-41BE-8D83-ABC0B87650C7}.Debug|iPhoneSimulator.Build.0 = Debug|Any CPU
		{EA1BFBB9-B48F-41BE-8D83-ABC0B87650C7}.Release|Any CPU.ActiveCfg = Release|Any CPU
		{EA1BFBB9-B48F-41BE-8D83-ABC0B87650C7}.Release|Any CPU.Build.0 = Release|Any CPU
		{EA1BFBB9-B48F-41BE-8D83-ABC0B87650C7}.Release|iPhone.ActiveCfg = Release|Any CPU
		{EA1BFBB9-B48F-41BE-8D83-ABC0B87650C7}.Release|iPhone.Build.0 = Release|Any CPU
		{EA1BFBB9-B48F-41BE-8D83-ABC0B87650C7}.Release|iPhoneSimulator.ActiveCfg = Release|Any CPU
		{EA1BFBB9-B48F-41BE-8D83-ABC0B87650C7}.Release|iPhoneSimulator.Build.0 = Release|Any CPU
		{C5FDE357-3CE8-4424-877A-3275805547D0}.Debug|Any CPU.ActiveCfg = Debug|Any CPU
		{C5FDE357-3CE8-4424-877A-3275805547D0}.Debug|Any CPU.Build.0 = Debug|Any CPU
		{C5FDE357-3CE8-4424-877A-3275805547D0}.Debug|iPhone.ActiveCfg = Debug|Any CPU
		{C5FDE357-3CE8-4424-877A-3275805547D0}.Debug|iPhone.Build.0 = Debug|Any CPU
		{C5FDE357-3CE8-4424-877A-3275805547D0}.Debug|iPhoneSimulator.ActiveCfg = Debug|Any CPU
		{C5FDE357-3CE8-4424-877A-3275805547D0}.Debug|iPhoneSimulator.Build.0 = Debug|Any CPU
		{C5FDE357-3CE8-4424-877A-3275805547D0}.Release|Any CPU.ActiveCfg = Release|Any CPU
		{C5FDE357-3CE8-4424-877A-3275805547D0}.Release|Any CPU.Build.0 = Release|Any CPU
		{C5FDE357-3CE8-4424-877A-3275805547D0}.Release|iPhone.ActiveCfg = Release|Any CPU
		{C5FDE357-3CE8-4424-877A-3275805547D0}.Release|iPhone.Build.0 = Release|Any CPU
		{C5FDE357-3CE8-4424-877A-3275805547D0}.Release|iPhoneSimulator.ActiveCfg = Release|Any CPU
		{C5FDE357-3CE8-4424-877A-3275805547D0}.Release|iPhoneSimulator.Build.0 = Release|Any CPU
		{59F506C0-8862-44BD-A1B7-C9941F1C2EC0}.Debug|Any CPU.ActiveCfg = Debug|iPhone
		{59F506C0-8862-44BD-A1B7-C9941F1C2EC0}.Debug|iPhone.ActiveCfg = Debug|iPhone
		{59F506C0-8862-44BD-A1B7-C9941F1C2EC0}.Debug|iPhone.Build.0 = Debug|iPhone
		{59F506C0-8862-44BD-A1B7-C9941F1C2EC0}.Debug|iPhoneSimulator.ActiveCfg = Debug|iPhoneSimulator
		{59F506C0-8862-44BD-A1B7-C9941F1C2EC0}.Debug|iPhoneSimulator.Build.0 = Debug|iPhoneSimulator
		{59F506C0-8862-44BD-A1B7-C9941F1C2EC0}.Release|Any CPU.ActiveCfg = Release|iPhone
		{59F506C0-8862-44BD-A1B7-C9941F1C2EC0}.Release|iPhone.ActiveCfg = Release|iPhone
		{59F506C0-8862-44BD-A1B7-C9941F1C2EC0}.Release|iPhone.Build.0 = Release|iPhone
		{59F506C0-8862-44BD-A1B7-C9941F1C2EC0}.Release|iPhoneSimulator.ActiveCfg = Release|iPhoneSimulator
		{59F506C0-8862-44BD-A1B7-C9941F1C2EC0}.Release|iPhoneSimulator.Build.0 = Release|iPhoneSimulator
		{694B7F48-E815-4EE2-8716-BDC4ADBB57E6}.Debug|Any CPU.ActiveCfg = Debug|Any CPU
		{694B7F48-E815-4EE2-8716-BDC4ADBB57E6}.Debug|Any CPU.Build.0 = Debug|Any CPU
		{694B7F48-E815-4EE2-8716-BDC4ADBB57E6}.Debug|iPhone.ActiveCfg = Debug|Any CPU
		{694B7F48-E815-4EE2-8716-BDC4ADBB57E6}.Debug|iPhone.Build.0 = Debug|Any CPU
		{694B7F48-E815-4EE2-8716-BDC4ADBB57E6}.Debug|iPhoneSimulator.ActiveCfg = Debug|Any CPU
		{694B7F48-E815-4EE2-8716-BDC4ADBB57E6}.Debug|iPhoneSimulator.Build.0 = Debug|Any CPU
		{694B7F48-E815-4EE2-8716-BDC4ADBB57E6}.Release|Any CPU.ActiveCfg = Release|Any CPU
		{694B7F48-E815-4EE2-8716-BDC4ADBB57E6}.Release|Any CPU.Build.0 = Release|Any CPU
		{694B7F48-E815-4EE2-8716-BDC4ADBB57E6}.Release|iPhone.ActiveCfg = Release|Any CPU
		{694B7F48-E815-4EE2-8716-BDC4ADBB57E6}.Release|iPhone.Build.0 = Release|Any CPU
		{694B7F48-E815-4EE2-8716-BDC4ADBB57E6}.Release|iPhoneSimulator.ActiveCfg = Release|Any CPU
		{694B7F48-E815-4EE2-8716-BDC4ADBB57E6}.Release|iPhoneSimulator.Build.0 = Release|Any CPU
		{B06EE09E-82F2-4C4D-9E08-9BDFC9D3C2F9}.Debug|Any CPU.ActiveCfg = Debug|Any CPU
		{B06EE09E-82F2-4C4D-9E08-9BDFC9D3C2F9}.Debug|Any CPU.Build.0 = Debug|Any CPU
		{B06EE09E-82F2-4C4D-9E08-9BDFC9D3C2F9}.Debug|iPhone.ActiveCfg = Debug|Any CPU
		{B06EE09E-82F2-4C4D-9E08-9BDFC9D3C2F9}.Debug|iPhone.Build.0 = Debug|Any CPU
		{B06EE09E-82F2-4C4D-9E08-9BDFC9D3C2F9}.Debug|iPhoneSimulator.ActiveCfg = Debug|Any CPU
		{B06EE09E-82F2-4C4D-9E08-9BDFC9D3C2F9}.Debug|iPhoneSimulator.Build.0 = Debug|Any CPU
		{B06EE09E-82F2-4C4D-9E08-9BDFC9D3C2F9}.Release|Any CPU.ActiveCfg = Release|Any CPU
		{B06EE09E-82F2-4C4D-9E08-9BDFC9D3C2F9}.Release|Any CPU.Build.0 = Release|Any CPU
		{B06EE09E-82F2-4C4D-9E08-9BDFC9D3C2F9}.Release|iPhone.ActiveCfg = Release|Any CPU
		{B06EE09E-82F2-4C4D-9E08-9BDFC9D3C2F9}.Release|iPhone.Build.0 = Release|Any CPU
		{B06EE09E-82F2-4C4D-9E08-9BDFC9D3C2F9}.Release|iPhoneSimulator.ActiveCfg = Release|Any CPU
		{B06EE09E-82F2-4C4D-9E08-9BDFC9D3C2F9}.Release|iPhoneSimulator.Build.0 = Release|Any CPU
		{B46A2BA7-2146-4869-9E93-6409148C94D1}.Debug|Any CPU.ActiveCfg = Debug|Any CPU
		{B46A2BA7-2146-4869-9E93-6409148C94D1}.Debug|Any CPU.Build.0 = Debug|Any CPU
		{B46A2BA7-2146-4869-9E93-6409148C94D1}.Debug|iPhone.ActiveCfg = Debug|Any CPU
		{B46A2BA7-2146-4869-9E93-6409148C94D1}.Debug|iPhone.Build.0 = Debug|Any CPU
		{B46A2BA7-2146-4869-9E93-6409148C94D1}.Debug|iPhoneSimulator.ActiveCfg = Debug|Any CPU
		{B46A2BA7-2146-4869-9E93-6409148C94D1}.Debug|iPhoneSimulator.Build.0 = Debug|Any CPU
		{B46A2BA7-2146-4869-9E93-6409148C94D1}.Release|Any CPU.ActiveCfg = Release|Any CPU
		{B46A2BA7-2146-4869-9E93-6409148C94D1}.Release|Any CPU.Build.0 = Release|Any CPU
		{B46A2BA7-2146-4869-9E93-6409148C94D1}.Release|iPhone.ActiveCfg = Release|Any CPU
		{B46A2BA7-2146-4869-9E93-6409148C94D1}.Release|iPhone.Build.0 = Release|Any CPU
		{B46A2BA7-2146-4869-9E93-6409148C94D1}.Release|iPhoneSimulator.ActiveCfg = Release|Any CPU
		{B46A2BA7-2146-4869-9E93-6409148C94D1}.Release|iPhoneSimulator.Build.0 = Release|Any CPU
		{F3F8BE66-ACF7-4D18-918C-A1D182E7C137}.Debug|Any CPU.ActiveCfg = Debug|Any CPU
		{F3F8BE66-ACF7-4D18-918C-A1D182E7C137}.Debug|Any CPU.Build.0 = Debug|Any CPU
		{F3F8BE66-ACF7-4D18-918C-A1D182E7C137}.Debug|iPhone.ActiveCfg = Debug|Any CPU
		{F3F8BE66-ACF7-4D18-918C-A1D182E7C137}.Debug|iPhone.Build.0 = Debug|Any CPU
		{F3F8BE66-ACF7-4D18-918C-A1D182E7C137}.Debug|iPhoneSimulator.ActiveCfg = Debug|Any CPU
		{F3F8BE66-ACF7-4D18-918C-A1D182E7C137}.Debug|iPhoneSimulator.Build.0 = Debug|Any CPU
		{F3F8BE66-ACF7-4D18-918C-A1D182E7C137}.Release|Any CPU.ActiveCfg = Release|Any CPU
		{F3F8BE66-ACF7-4D18-918C-A1D182E7C137}.Release|Any CPU.Build.0 = Release|Any CPU
		{F3F8BE66-ACF7-4D18-918C-A1D182E7C137}.Release|iPhone.ActiveCfg = Release|Any CPU
		{F3F8BE66-ACF7-4D18-918C-A1D182E7C137}.Release|iPhone.Build.0 = Release|Any CPU
		{F3F8BE66-ACF7-4D18-918C-A1D182E7C137}.Release|iPhoneSimulator.ActiveCfg = Release|Any CPU
		{F3F8BE66-ACF7-4D18-918C-A1D182E7C137}.Release|iPhoneSimulator.Build.0 = Release|Any CPU
		{D2DF9533-7F6B-4344-B45A-656D1028DAFF}.Debug|Any CPU.ActiveCfg = Debug|Any CPU
		{D2DF9533-7F6B-4344-B45A-656D1028DAFF}.Debug|Any CPU.Build.0 = Debug|Any CPU
		{D2DF9533-7F6B-4344-B45A-656D1028DAFF}.Debug|Any CPU.Deploy.0 = Debug|Any CPU
		{D2DF9533-7F6B-4344-B45A-656D1028DAFF}.Debug|iPhone.ActiveCfg = Debug|Any CPU
		{D2DF9533-7F6B-4344-B45A-656D1028DAFF}.Debug|iPhone.Build.0 = Debug|Any CPU
		{D2DF9533-7F6B-4344-B45A-656D1028DAFF}.Debug|iPhone.Deploy.0 = Debug|Any CPU
		{D2DF9533-7F6B-4344-B45A-656D1028DAFF}.Debug|iPhoneSimulator.ActiveCfg = Debug|Any CPU
		{D2DF9533-7F6B-4344-B45A-656D1028DAFF}.Debug|iPhoneSimulator.Build.0 = Debug|Any CPU
		{D2DF9533-7F6B-4344-B45A-656D1028DAFF}.Debug|iPhoneSimulator.Deploy.0 = Debug|Any CPU
		{D2DF9533-7F6B-4344-B45A-656D1028DAFF}.Release|Any CPU.ActiveCfg = Release|Any CPU
		{D2DF9533-7F6B-4344-B45A-656D1028DAFF}.Release|Any CPU.Build.0 = Release|Any CPU
		{D2DF9533-7F6B-4344-B45A-656D1028DAFF}.Release|Any CPU.Deploy.0 = Release|Any CPU
		{D2DF9533-7F6B-4344-B45A-656D1028DAFF}.Release|iPhone.ActiveCfg = Release|Any CPU
		{D2DF9533-7F6B-4344-B45A-656D1028DAFF}.Release|iPhone.Build.0 = Release|Any CPU
		{D2DF9533-7F6B-4344-B45A-656D1028DAFF}.Release|iPhone.Deploy.0 = Release|Any CPU
		{D2DF9533-7F6B-4344-B45A-656D1028DAFF}.Release|iPhoneSimulator.ActiveCfg = Release|Any CPU
		{D2DF9533-7F6B-4344-B45A-656D1028DAFF}.Release|iPhoneSimulator.Build.0 = Release|Any CPU
		{D2DF9533-7F6B-4344-B45A-656D1028DAFF}.Release|iPhoneSimulator.Deploy.0 = Release|Any CPU
		{C32FC054-B832-4674-BFD6-CC213ABC94BC}.Debug|Any CPU.ActiveCfg = Debug|Any CPU
		{C32FC054-B832-4674-BFD6-CC213ABC94BC}.Debug|Any CPU.Build.0 = Debug|Any CPU
		{C32FC054-B832-4674-BFD6-CC213ABC94BC}.Debug|iPhone.ActiveCfg = Debug|Any CPU
		{C32FC054-B832-4674-BFD6-CC213ABC94BC}.Debug|iPhone.Build.0 = Debug|Any CPU
		{C32FC054-B832-4674-BFD6-CC213ABC94BC}.Debug|iPhoneSimulator.ActiveCfg = Debug|Any CPU
		{C32FC054-B832-4674-BFD6-CC213ABC94BC}.Debug|iPhoneSimulator.Build.0 = Debug|Any CPU
		{C32FC054-B832-4674-BFD6-CC213ABC94BC}.Release|Any CPU.ActiveCfg = Release|Any CPU
		{C32FC054-B832-4674-BFD6-CC213ABC94BC}.Release|Any CPU.Build.0 = Release|Any CPU
		{C32FC054-B832-4674-BFD6-CC213ABC94BC}.Release|iPhone.ActiveCfg = Release|Any CPU
		{C32FC054-B832-4674-BFD6-CC213ABC94BC}.Release|iPhone.Build.0 = Release|Any CPU
		{C32FC054-B832-4674-BFD6-CC213ABC94BC}.Release|iPhoneSimulator.ActiveCfg = Release|Any CPU
		{C32FC054-B832-4674-BFD6-CC213ABC94BC}.Release|iPhoneSimulator.Build.0 = Release|Any CPU
		{501923A4-599A-4F42-B4CB-E03710A41ECB}.Debug|Any CPU.ActiveCfg = Debug|Any CPU
		{501923A4-599A-4F42-B4CB-E03710A41ECB}.Debug|Any CPU.Build.0 = Debug|Any CPU
		{501923A4-599A-4F42-B4CB-E03710A41ECB}.Debug|iPhone.ActiveCfg = Debug|Any CPU
		{501923A4-599A-4F42-B4CB-E03710A41ECB}.Debug|iPhone.Build.0 = Debug|Any CPU
		{501923A4-599A-4F42-B4CB-E03710A41ECB}.Debug|iPhoneSimulator.ActiveCfg = Debug|Any CPU
		{501923A4-599A-4F42-B4CB-E03710A41ECB}.Debug|iPhoneSimulator.Build.0 = Debug|Any CPU
		{501923A4-599A-4F42-B4CB-E03710A41ECB}.Release|Any CPU.ActiveCfg = Release|Any CPU
		{501923A4-599A-4F42-B4CB-E03710A41ECB}.Release|Any CPU.Build.0 = Release|Any CPU
		{501923A4-599A-4F42-B4CB-E03710A41ECB}.Release|iPhone.ActiveCfg = Release|Any CPU
		{501923A4-599A-4F42-B4CB-E03710A41ECB}.Release|iPhone.Build.0 = Release|Any CPU
		{501923A4-599A-4F42-B4CB-E03710A41ECB}.Release|iPhoneSimulator.ActiveCfg = Release|Any CPU
		{501923A4-599A-4F42-B4CB-E03710A41ECB}.Release|iPhoneSimulator.Build.0 = Release|Any CPU
		{CF44581E-C82A-4A5D-BFC4-3402E23119F0}.Debug|Any CPU.ActiveCfg = Debug|Any CPU
		{CF44581E-C82A-4A5D-BFC4-3402E23119F0}.Debug|Any CPU.Build.0 = Debug|Any CPU
		{CF44581E-C82A-4A5D-BFC4-3402E23119F0}.Debug|iPhone.ActiveCfg = Debug|Any CPU
		{CF44581E-C82A-4A5D-BFC4-3402E23119F0}.Debug|iPhone.Build.0 = Debug|Any CPU
		{CF44581E-C82A-4A5D-BFC4-3402E23119F0}.Debug|iPhoneSimulator.ActiveCfg = Debug|Any CPU
		{CF44581E-C82A-4A5D-BFC4-3402E23119F0}.Debug|iPhoneSimulator.Build.0 = Debug|Any CPU
		{CF44581E-C82A-4A5D-BFC4-3402E23119F0}.Release|Any CPU.ActiveCfg = Release|Any CPU
		{CF44581E-C82A-4A5D-BFC4-3402E23119F0}.Release|Any CPU.Build.0 = Release|Any CPU
		{CF44581E-C82A-4A5D-BFC4-3402E23119F0}.Release|iPhone.ActiveCfg = Release|Any CPU
		{CF44581E-C82A-4A5D-BFC4-3402E23119F0}.Release|iPhone.Build.0 = Release|Any CPU
		{CF44581E-C82A-4A5D-BFC4-3402E23119F0}.Release|iPhoneSimulator.ActiveCfg = Release|Any CPU
		{CF44581E-C82A-4A5D-BFC4-3402E23119F0}.Release|iPhoneSimulator.Build.0 = Release|Any CPU
		{7373CA4D-9102-4C43-8728-4657C7C1BCAC}.Debug|Any CPU.ActiveCfg = Debug|Any CPU
		{7373CA4D-9102-4C43-8728-4657C7C1BCAC}.Debug|Any CPU.Build.0 = Debug|Any CPU
		{7373CA4D-9102-4C43-8728-4657C7C1BCAC}.Debug|iPhone.ActiveCfg = Debug|Any CPU
		{7373CA4D-9102-4C43-8728-4657C7C1BCAC}.Debug|iPhone.Build.0 = Debug|Any CPU
		{7373CA4D-9102-4C43-8728-4657C7C1BCAC}.Debug|iPhoneSimulator.ActiveCfg = Debug|Any CPU
		{7373CA4D-9102-4C43-8728-4657C7C1BCAC}.Debug|iPhoneSimulator.Build.0 = Debug|Any CPU
		{7373CA4D-9102-4C43-8728-4657C7C1BCAC}.Release|Any CPU.ActiveCfg = Release|Any CPU
		{7373CA4D-9102-4C43-8728-4657C7C1BCAC}.Release|Any CPU.Build.0 = Release|Any CPU
		{7373CA4D-9102-4C43-8728-4657C7C1BCAC}.Release|iPhone.ActiveCfg = Release|Any CPU
		{7373CA4D-9102-4C43-8728-4657C7C1BCAC}.Release|iPhone.Build.0 = Release|Any CPU
		{7373CA4D-9102-4C43-8728-4657C7C1BCAC}.Release|iPhoneSimulator.ActiveCfg = Release|Any CPU
		{7373CA4D-9102-4C43-8728-4657C7C1BCAC}.Release|iPhoneSimulator.Build.0 = Release|Any CPU
		{24BFE94F-A366-4741-BA14-7DC50C849025}.Debug|Any CPU.ActiveCfg = Debug|Any CPU
		{24BFE94F-A366-4741-BA14-7DC50C849025}.Debug|Any CPU.Build.0 = Debug|Any CPU
		{24BFE94F-A366-4741-BA14-7DC50C849025}.Debug|iPhone.ActiveCfg = Debug|Any CPU
		{24BFE94F-A366-4741-BA14-7DC50C849025}.Debug|iPhone.Build.0 = Debug|Any CPU
		{24BFE94F-A366-4741-BA14-7DC50C849025}.Debug|iPhoneSimulator.ActiveCfg = Debug|Any CPU
		{24BFE94F-A366-4741-BA14-7DC50C849025}.Debug|iPhoneSimulator.Build.0 = Debug|Any CPU
		{24BFE94F-A366-4741-BA14-7DC50C849025}.Release|Any CPU.ActiveCfg = Release|Any CPU
		{24BFE94F-A366-4741-BA14-7DC50C849025}.Release|Any CPU.Build.0 = Release|Any CPU
		{24BFE94F-A366-4741-BA14-7DC50C849025}.Release|iPhone.ActiveCfg = Release|Any CPU
		{24BFE94F-A366-4741-BA14-7DC50C849025}.Release|iPhone.Build.0 = Release|Any CPU
		{24BFE94F-A366-4741-BA14-7DC50C849025}.Release|iPhoneSimulator.ActiveCfg = Release|Any CPU
		{24BFE94F-A366-4741-BA14-7DC50C849025}.Release|iPhoneSimulator.Build.0 = Release|Any CPU
		{7D8A1091-BCA8-4F30-A9A3-E3709BE40375}.Debug|Any CPU.ActiveCfg = Debug|Any CPU
		{7D8A1091-BCA8-4F30-A9A3-E3709BE40375}.Debug|Any CPU.Build.0 = Debug|Any CPU
		{7D8A1091-BCA8-4F30-A9A3-E3709BE40375}.Debug|iPhone.ActiveCfg = Debug|Any CPU
		{7D8A1091-BCA8-4F30-A9A3-E3709BE40375}.Debug|iPhone.Build.0 = Debug|Any CPU
		{7D8A1091-BCA8-4F30-A9A3-E3709BE40375}.Debug|iPhoneSimulator.ActiveCfg = Debug|Any CPU
		{7D8A1091-BCA8-4F30-A9A3-E3709BE40375}.Debug|iPhoneSimulator.Build.0 = Debug|Any CPU
		{7D8A1091-BCA8-4F30-A9A3-E3709BE40375}.Release|Any CPU.ActiveCfg = Release|Any CPU
		{7D8A1091-BCA8-4F30-A9A3-E3709BE40375}.Release|Any CPU.Build.0 = Release|Any CPU
		{7D8A1091-BCA8-4F30-A9A3-E3709BE40375}.Release|iPhone.ActiveCfg = Release|Any CPU
		{7D8A1091-BCA8-4F30-A9A3-E3709BE40375}.Release|iPhone.Build.0 = Release|Any CPU
		{7D8A1091-BCA8-4F30-A9A3-E3709BE40375}.Release|iPhoneSimulator.ActiveCfg = Release|Any CPU
		{7D8A1091-BCA8-4F30-A9A3-E3709BE40375}.Release|iPhoneSimulator.Build.0 = Release|Any CPU
		{C2899A53-DB2A-4161-B8F6-115C8F6D2A23}.Debug|Any CPU.ActiveCfg = Debug|Any CPU
		{C2899A53-DB2A-4161-B8F6-115C8F6D2A23}.Debug|Any CPU.Build.0 = Debug|Any CPU
		{C2899A53-DB2A-4161-B8F6-115C8F6D2A23}.Debug|iPhone.ActiveCfg = Debug|Any CPU
		{C2899A53-DB2A-4161-B8F6-115C8F6D2A23}.Debug|iPhone.Build.0 = Debug|Any CPU
		{C2899A53-DB2A-4161-B8F6-115C8F6D2A23}.Debug|iPhoneSimulator.ActiveCfg = Debug|Any CPU
		{C2899A53-DB2A-4161-B8F6-115C8F6D2A23}.Debug|iPhoneSimulator.Build.0 = Debug|Any CPU
		{C2899A53-DB2A-4161-B8F6-115C8F6D2A23}.Release|Any CPU.ActiveCfg = Release|Any CPU
		{C2899A53-DB2A-4161-B8F6-115C8F6D2A23}.Release|Any CPU.Build.0 = Release|Any CPU
		{C2899A53-DB2A-4161-B8F6-115C8F6D2A23}.Release|iPhone.ActiveCfg = Release|Any CPU
		{C2899A53-DB2A-4161-B8F6-115C8F6D2A23}.Release|iPhone.Build.0 = Release|Any CPU
		{C2899A53-DB2A-4161-B8F6-115C8F6D2A23}.Release|iPhoneSimulator.ActiveCfg = Release|Any CPU
		{C2899A53-DB2A-4161-B8F6-115C8F6D2A23}.Release|iPhoneSimulator.Build.0 = Release|Any CPU
		{972A0A81-4E95-47DE-8B21-62FCBDA0DDB0}.Debug|Any CPU.ActiveCfg = Debug|Any CPU
		{972A0A81-4E95-47DE-8B21-62FCBDA0DDB0}.Debug|Any CPU.Build.0 = Debug|Any CPU
		{972A0A81-4E95-47DE-8B21-62FCBDA0DDB0}.Debug|Any CPU.Deploy.0 = Debug|Any CPU
		{972A0A81-4E95-47DE-8B21-62FCBDA0DDB0}.Debug|iPhone.ActiveCfg = Debug|Any CPU
		{972A0A81-4E95-47DE-8B21-62FCBDA0DDB0}.Debug|iPhone.Build.0 = Debug|Any CPU
		{972A0A81-4E95-47DE-8B21-62FCBDA0DDB0}.Debug|iPhone.Deploy.0 = Debug|Any CPU
		{972A0A81-4E95-47DE-8B21-62FCBDA0DDB0}.Debug|iPhoneSimulator.ActiveCfg = Debug|Any CPU
		{972A0A81-4E95-47DE-8B21-62FCBDA0DDB0}.Debug|iPhoneSimulator.Build.0 = Debug|Any CPU
		{972A0A81-4E95-47DE-8B21-62FCBDA0DDB0}.Debug|iPhoneSimulator.Deploy.0 = Debug|Any CPU
		{972A0A81-4E95-47DE-8B21-62FCBDA0DDB0}.Release|Any CPU.ActiveCfg = Release|Any CPU
		{972A0A81-4E95-47DE-8B21-62FCBDA0DDB0}.Release|Any CPU.Build.0 = Release|Any CPU
		{972A0A81-4E95-47DE-8B21-62FCBDA0DDB0}.Release|Any CPU.Deploy.0 = Release|Any CPU
		{972A0A81-4E95-47DE-8B21-62FCBDA0DDB0}.Release|iPhone.ActiveCfg = Release|Any CPU
		{972A0A81-4E95-47DE-8B21-62FCBDA0DDB0}.Release|iPhone.Build.0 = Release|Any CPU
		{972A0A81-4E95-47DE-8B21-62FCBDA0DDB0}.Release|iPhone.Deploy.0 = Release|Any CPU
		{972A0A81-4E95-47DE-8B21-62FCBDA0DDB0}.Release|iPhoneSimulator.ActiveCfg = Release|Any CPU
		{972A0A81-4E95-47DE-8B21-62FCBDA0DDB0}.Release|iPhoneSimulator.Build.0 = Release|Any CPU
		{972A0A81-4E95-47DE-8B21-62FCBDA0DDB0}.Release|iPhoneSimulator.Deploy.0 = Release|Any CPU
	EndGlobalSection
	GlobalSection(SolutionProperties) = preSolution
		HideSolutionNode = FALSE
	EndGlobalSection
	GlobalSection(NestedProjects) = preSolution
		{0641781A-7AFD-4BD9-91CE-533CFBCBADE5} = {66ADFF4C-893E-4F45-BA81-A07108C346ED}
		{084ABE3E-EC69-4ED2-91E1-820CE50E2FCB} = {66ADFF4C-893E-4F45-BA81-A07108C346ED}
		{7377C3F6-D77E-4893-9F18-CEFFA0609FF1} = {084ABE3E-EC69-4ED2-91E1-820CE50E2FCB}
		{B11463CF-F86D-46E9-8083-C0D7459F01BD} = {084ABE3E-EC69-4ED2-91E1-820CE50E2FCB}
		{CEFE3C26-5336-4E80-B0AF-373959C3B8D5} = {084ABE3E-EC69-4ED2-91E1-820CE50E2FCB}
		{B7BF7574-8E77-46B4-B6EB-E7B64A6B4203} = {084ABE3E-EC69-4ED2-91E1-820CE50E2FCB}
		{F0538968-6E7A-4390-8840-FA308DCBC652} = {084ABE3E-EC69-4ED2-91E1-820CE50E2FCB}
		{8C2B1250-0DF6-41E9-90FD-0BCA25EC45CD} = {084ABE3E-EC69-4ED2-91E1-820CE50E2FCB}
		{93E243CB-D893-41C1-8D25-52B91AFF6A39} = {084ABE3E-EC69-4ED2-91E1-820CE50E2FCB}
		{74D20D3C-9C8C-49B9-BAA4-1EB15CDDE36E} = {084ABE3E-EC69-4ED2-91E1-820CE50E2FCB}
		{91498471-1E01-412E-869B-2C49529F3AD3} = {084ABE3E-EC69-4ED2-91E1-820CE50E2FCB}
		{4AEEA521-A28D-4354-9CD2-51F6C272A0CA} = {084ABE3E-EC69-4ED2-91E1-820CE50E2FCB}
		{77658ED9-5322-48A3-B3A9-4B1664A4C1C2} = {084ABE3E-EC69-4ED2-91E1-820CE50E2FCB}
		{78908B7E-706D-43D0-AB91-861F18D90D1A} = {084ABE3E-EC69-4ED2-91E1-820CE50E2FCB}
		{FD1CBC35-0890-4063-9D54-59FEBADC2E5C} = {084ABE3E-EC69-4ED2-91E1-820CE50E2FCB}
		{AB09F55A-4826-4E6A-B9FF-6D88CCF60964} = {0641781A-7AFD-4BD9-91CE-533CFBCBADE5}
		{145A50A1-4AD6-440A-8463-ECFAF982EBA3} = {0641781A-7AFD-4BD9-91CE-533CFBCBADE5}
		{C7A9FD80-B394-447C-96CE-CE4636BA7580} = {0641781A-7AFD-4BD9-91CE-533CFBCBADE5}
		{7233150B-1100-42E1-8E94-B5997AB6363B} = {0641781A-7AFD-4BD9-91CE-533CFBCBADE5}
		{4C30553B-84CE-4BBA-A80A-AE54D3300383} = {FCA478EF-6FB5-4F8B-8DB5-8F626BD9478F}
		{4ACF152F-F65D-4C45-A7EB-B1EC1C5D95D9} = {FCA478EF-6FB5-4F8B-8DB5-8F626BD9478F}
		{4ADD2589-5227-46CD-8E5C-9C54FA7005C4} = {6F0E0670-4C29-4342-AAF5-DAFEBB076F9B}
		{EA1BFBB9-B48F-41BE-8D83-ABC0B87650C7} = {6F0E0670-4C29-4342-AAF5-DAFEBB076F9B}
		{C5FDE357-3CE8-4424-877A-3275805547D0} = {6F0E0670-4C29-4342-AAF5-DAFEBB076F9B}
		{59F506C0-8862-44BD-A1B7-C9941F1C2EC0} = {6F0E0670-4C29-4342-AAF5-DAFEBB076F9B}
		{694B7F48-E815-4EE2-8716-BDC4ADBB57E6} = {084ABE3E-EC69-4ED2-91E1-820CE50E2FCB}
		{B06EE09E-82F2-4C4D-9E08-9BDFC9D3C2F9} = {084ABE3E-EC69-4ED2-91E1-820CE50E2FCB}
		{B46A2BA7-2146-4869-9E93-6409148C94D1} = {FCA478EF-6FB5-4F8B-8DB5-8F626BD9478F}
		{FCA478EF-6FB5-4F8B-8DB5-8F626BD9478F} = {084ABE3E-EC69-4ED2-91E1-820CE50E2FCB}
		{6F0E0670-4C29-4342-AAF5-DAFEBB076F9B} = {FCA478EF-6FB5-4F8B-8DB5-8F626BD9478F}
		{F3F8BE66-ACF7-4D18-918C-A1D182E7C137} = {FCA478EF-6FB5-4F8B-8DB5-8F626BD9478F}
		{CF44581E-C82A-4A5D-BFC4-3402E23119F0} = {084ABE3E-EC69-4ED2-91E1-820CE50E2FCB}
		{7373CA4D-9102-4C43-8728-4657C7C1BCAC} = {66ADFF4C-893E-4F45-BA81-A07108C346ED}
		{24BFE94F-A366-4741-BA14-7DC50C849025} = {66ADFF4C-893E-4F45-BA81-A07108C346ED}
		{C2899A53-DB2A-4161-B8F6-115C8F6D2A23} = {FCA478EF-6FB5-4F8B-8DB5-8F626BD9478F}
		{972A0A81-4E95-47DE-8B21-62FCBDA0DDB0} = {FCA478EF-6FB5-4F8B-8DB5-8F626BD9478F}
	EndGlobalSection
	GlobalSection(ExtensibilityGlobals) = postSolution
		SolutionGuid = {5D237B5D-67B0-4CBA-B965-DB920A754BAB}
	EndGlobalSection
EndGlobal
